
Microsoft Visual Studio Solution File, Format Version 12.00
# Visual Studio Version 16
VisualStudioVersion = 16.0.30128.74
MinimumVisualStudioVersion = 10.0.40219.1
Project("{FAE04EC0-301F-11D3-BF4B-00C04F79EFBC}") = "SimpleCalculator", "SimpleCalculator\SimpleCalculator.csproj", "{4A28565D-7E43-411B-8047-8A4B4257A4EE}"
EndProject
Global
	GlobalSection(SolutionConfigurationPlatforms) = preSolution
		Debug|Any CPU = Debug|Any CPU
		Release|Any CPU = Release|Any CPU
	EndGlobalSection
	GlobalSection(ProjectConfigurationPlatforms) = postSolution
		{4A28565D-7E43-411B-8047-8A4B4257A4EE}.Debug|Any CPU.ActiveCfg = Debug|Any CPU
		{4A28565D-7E43-411B-8047-8A4B4257A4EE}.Debug|Any CPU.Build.0 = Debug|Any CPU
		{4A28565D-7E43-411B-8047-8A4B4257A4EE}.Release|Any CPU.ActiveCfg = Release|Any CPU
		{4A28565D-7E43-411B-8047-8A4B4257A4EE}.Release|Any CPU.Build.0 = Release|Any CPU
	EndGlobalSection
	GlobalSection(SolutionProperties) = preSolution
		HideSolutionNode = FALSE
	EndGlobalSection
	GlobalSection(ExtensibilityGlobals) = postSolution
		SolutionGuid = {9F290AFB-F672-4AE8-B348-85ED3322D028}
	EndGlobalSection
EndGlobal
