
Microsoft Visual Studio Solution File, Format Version 12.00
# Visual Studio Version 16
VisualStudioVersion = 16.0.30128.74
MinimumVisualStudioVersion = 10.0.40219.1
Project("{FAE04EC0-301F-11D3-BF4B-00C04F79EFBC}") = "MyFirstApplication", "MyFirstApplication\MyFirstApplication.csproj", "{572C15B9-6BEC-49B8-9211-46CFED6B5741}"
EndProject
Global
	GlobalSection(SolutionConfigurationPlatforms) = preSolution
		Debug|Any CPU = Debug|Any CPU
		Release|Any CPU = Release|Any CPU
	EndGlobalSection
	GlobalSection(ProjectConfigurationPlatforms) = postSolution
		{572C15B9-6BEC-49B8-9211-46CFED6B5741}.Debug|Any CPU.ActiveCfg = Debug|Any CPU
		{572C15B9-6BEC-49B8-9211-46CFED6B5741}.Debug|Any CPU.Build.0 = Debug|Any CPU
		{572C15B9-6BEC-49B8-9211-46CFED6B5741}.Release|Any CPU.ActiveCfg = Release|Any CPU
		{572C15B9-6BEC-49B8-9211-46CFED6B5741}.Release|Any CPU.Build.0 = Release|Any CPU
	EndGlobalSection
	GlobalSection(SolutionProperties) = preSolution
		HideSolutionNode = FALSE
	EndGlobalSection
	GlobalSection(ExtensibilityGlobals) = postSolution
		SolutionGuid = {5E50D9DB-4405-4A9C-AAAB-A17BDB7447EA}
	EndGlobalSection
EndGlobal
